lockVersion: 2.0.0
id: cfede491-df0f-4c5d-b64e-31715f9d4209
management:
  docChecksum: 703ba52b6fa5547f9413c2f250056d0c
  docVersion: 1.0.0
  speakeasyVersion: 1.213.0
  generationVersion: 2.283.1
  releaseVersion: 4.4.3
  configChecksum: d9d9164cd1a8a7092d4079f1edd1762f
  repoURL: https://github.com/speakeasy-sdks/hibob.git
  repoSubDirectory: .
  installationURL: https://github.com/speakeasy-sdks/hibob
  published: true
features:
  typescript:
    constsAndDefaults: 0.1.5
    core: 3.6.3
    deprecations: 2.81.1
    downloadStreams: 0.1.1
    globalSecurity: 2.82.8
    globalServerURLs: 2.82.4
    inputOutputModels: 2.82.0
    methodSecurity: 2.82.4
    responseFormat: 0.2.2
generatedFiles:
  - src/sdk/attendance.ts
  - src/sdk/people.ts
  - src/sdk/metadata.ts
  - src/sdk/reports.ts
  - src/sdk/documents.ts
  - src/sdk/tasks.ts
  - src/sdk/objects.ts
  - src/sdk/onboarding.ts
  - src/sdk/payroll.ts
  - src/sdk/customtables.ts
  - src/sdk/tables.ts
  - src/sdk/timeoff.ts
  - src/sdk/sdk.ts
  - .eslintrc.js
  - .npmignore
  - RUNTIMES.md
  - package.json
  - src/index.ts
  - src/lib/base64.ts
  - src/lib/config.ts
  - src/lib/encodings.ts
  - src/lib/http.ts
  - src/lib/retries.ts
  - src/lib/schemas.ts
  - src/lib/sdks.ts
  - src/lib/security.ts
  - src/lib/url.ts
  - src/sdk/index.ts
  - src/sdk/models/errors/sdkerror.ts
  - src/sdk/models/errors/sdkvalidationerror.ts
  - src/sdk/types/blobs.ts
  - src/sdk/types/index.ts
  - src/sdk/types/operations.ts
  - src/sdk/types/rfcdate.ts
  - tsconfig.json
  - src/sdk/models/operations/postattendanceimportimportmethod.ts
  - src/sdk/models/operations/deletepeopleidemploymententryid.ts
  - src/sdk/models/operations/deletepeopleidequitiesentryid.ts
  - src/sdk/models/operations/deletepeopleidsalariesentryid.ts
  - src/sdk/models/operations/deletepeopleidtrainingentryid.ts
  - src/sdk/models/operations/deletepeopleidvariableentryid.ts
  - src/sdk/models/operations/deletepeopleidworkentryid.ts
  - src/sdk/models/operations/getavatars.ts
  - src/sdk/models/operations/getavatarsemployeeid.ts
  - src/sdk/models/operations/getmyavatar.ts
  - src/sdk/models/operations/getpeople.ts
  - src/sdk/models/operations/getpeopleidentifier.ts
  - src/sdk/models/operations/getpeopleidemployment.ts
  - src/sdk/models/operations/getpeopleidequities.ts
  - src/sdk/models/operations/getpeopleidlifecycle.ts
  - src/sdk/models/operations/getpeopleidsalaries.ts
  - src/sdk/models/operations/getpeopleidtraining.ts
  - src/sdk/models/operations/getpeopleidvariable.ts
  - src/sdk/models/operations/getpeopleidwork.ts
  - src/sdk/models/operations/getprofiles.ts
  - src/sdk/models/operations/postemployeesemployeeidinvitations.ts
  - src/sdk/models/operations/postemployeesemployeeidstartdate.ts
  - src/sdk/models/operations/postemployeesidentifierterminate.ts
  - src/sdk/models/operations/postemployeesidentifieruninvite.ts
  - src/sdk/models/operations/postpeople.ts
  - src/sdk/models/operations/postpeoplesearch.ts
  - src/sdk/models/operations/postpeopleidentifier.ts
  - src/sdk/models/operations/postpeopleidemployment.ts
  - src/sdk/models/operations/postpeopleidequities.ts
  - src/sdk/models/operations/postpeopleidsalaries.ts
  - src/sdk/models/operations/postpeopleidtraining.ts
  - src/sdk/models/operations/postpeopleidvariable.ts
  - src/sdk/models/operations/postpeopleidwork.ts
  - src/sdk/models/operations/putavatarsemployeeid.ts
  - src/sdk/models/operations/putpeopleidentifier.ts
  - src/sdk/models/operations/putpeopleidemail.ts
  - src/sdk/models/operations/putpeopleidemploymententryid.ts
  - src/sdk/models/operations/putpeopleidequitiesentryid.ts
  - src/sdk/models/operations/putpeopleidworkentryid.ts
  - src/sdk/models/operations/deletecompanynamedlistslistnameitemid.ts
  - src/sdk/models/operations/deletecompanypeoplefieldsfieldid.ts
  - src/sdk/models/operations/getcompanynamedlists.ts
  - src/sdk/models/operations/getcompanynamedlistslistname.ts
  - src/sdk/models/operations/getcompanypeoplefields.ts
  - src/sdk/models/operations/getmetadataobjectsposition.ts
  - src/sdk/models/operations/getpeoplecustomtablesmetadata.ts
  - src/sdk/models/operations/getpeoplecustomtablesmetadatacustomtableid.ts
  - src/sdk/models/operations/postcompanynamedlistslistname.ts
  - src/sdk/models/operations/postcompanypeoplefields.ts
  - src/sdk/models/operations/putcompanynamedlistslistnameitemid.ts
  - src/sdk/models/operations/putcompanypeoplefieldsfieldid.ts
  - src/sdk/models/operations/getcompanyreports.ts
  - src/sdk/models/operations/getcompanyreportsdownloadreportname.ts
  - src/sdk/models/operations/getcompanyreportsreportiddownload.ts
  - src/sdk/models/operations/getcompanyreportsreportiddownloadasync.ts
  - src/sdk/models/operations/deletedocspeopleidconfidentialdocid.ts
  - src/sdk/models/operations/deletedocspeopleidshareddocid.ts
  - src/sdk/models/operations/getdocspeopleid.ts
  - src/sdk/models/operations/postdocspeopleidconfidential.ts
  - src/sdk/models/operations/postdocspeopleidconfidentialupload.ts
  - src/sdk/models/operations/postdocspeopleidshared.ts
  - src/sdk/models/operations/postdocspeopleidsharedupload.ts
  - src/sdk/models/operations/getmytasks.ts
  - src/sdk/models/operations/gettasks.ts
  - src/sdk/models/operations/gettaskspeopleid.ts
  - src/sdk/models/operations/posttaskstaskidcomplete.ts
  - src/sdk/models/operations/postobjectspositionsearch.ts
  - src/sdk/models/operations/getonboardingwizards.ts
  - src/sdk/models/operations/getpayrollhistory.ts
  - src/sdk/models/operations/deletepeoplecustomtablesemployeeidcustomtableidentryid.ts
  - src/sdk/models/operations/getpeoplecustomtablesemployeeidcustomtableid.ts
  - src/sdk/models/operations/postpeoplecustomtablesemployeeidcustomtableid.ts
  - src/sdk/models/operations/putpeoplecustomtablesemployeeidcustomtableidentryid.ts
  - src/sdk/models/operations/deletetimeoffemployeesidrequestsrequestid.ts
  - src/sdk/models/operations/gettimeoffemployeesidbalance.ts
  - src/sdk/models/operations/gettimeoffemployeesidrequestsrequestid.ts
  - src/sdk/models/operations/gettimeoffouttoday.ts
  - src/sdk/models/operations/gettimeoffpolicies.ts
  - src/sdk/models/operations/gettimeoffpoliciesnames.ts
  - src/sdk/models/operations/gettimeoffpolicytypes.ts
  - src/sdk/models/operations/gettimeoffpolicytypespolicytype.ts
  - src/sdk/models/operations/gettimeoffpolicytypespolicytypereasoncodes.ts
  - src/sdk/models/operations/gettimeoffrequestschanges.ts
  - src/sdk/models/operations/gettimeoffwhosout.ts
  - src/sdk/models/operations/posttimeoffemployeesidadjustments.ts
  - src/sdk/models/operations/posttimeoffemployeesiddiffhoursrequests.ts
  - src/sdk/models/operations/posttimeoffemployeesidrequests.ts
  - src/sdk/models/operations/posttimeoffpolicytypespolicytypereasoncodes.ts
  - src/sdk/models/shared/importattendanceresponse.ts
  - src/sdk/models/shared/importattendancedata.ts
  - src/sdk/models/shared/importattendanceevent.ts
  - src/sdk/models/shared/error.ts
  - src/sdk/models/shared/employees.ts
  - src/sdk/models/shared/employee.ts
  - src/sdk/models/shared/workpart.ts
  - src/sdk/models/shared/employeereference.ts
  - src/sdk/models/shared/personalpart.ts
  - src/sdk/models/shared/aboutpart.ts
  - src/sdk/models/shared/employmententries.ts
  - src/sdk/models/shared/employmententry.ts
  - src/sdk/models/shared/equityentries.ts
  - src/sdk/models/shared/equityentry.ts
  - src/sdk/models/shared/currencyvalue.ts
  - src/sdk/models/shared/lifecycleentries.ts
  - src/sdk/models/shared/lifecycleentry.ts
  - src/sdk/models/shared/salaryentries.ts
  - src/sdk/models/shared/salaryentry.ts
  - src/sdk/models/shared/trainingentries.ts
  - src/sdk/models/shared/trainingentry.ts
  - src/sdk/models/shared/variableentries.ts
  - src/sdk/models/shared/variableentry.ts
  - src/sdk/models/shared/workentries.ts
  - src/sdk/models/shared/workentry.ts
  - src/sdk/models/shared/employeesprofiles.ts
  - src/sdk/models/shared/employeeprofile.ts
  - src/sdk/models/shared/invitationbywizard.ts
  - src/sdk/models/shared/startdateupdate.ts
  - src/sdk/models/shared/employeetermination.ts
  - src/sdk/models/shared/createemployeerequest.ts
  - src/sdk/models/shared/reademployeesrequestreference.ts
  - src/sdk/models/shared/employeefilter.ts
  - src/sdk/models/shared/readsingleemployeerequestreference.ts
  - src/sdk/models/shared/uploadavatar.ts
  - src/sdk/models/shared/changeemail.ts
  - src/sdk/models/shared/list.ts
  - src/sdk/models/shared/listitem.ts
  - src/sdk/models/shared/field.ts
  - src/sdk/models/shared/objectsmetadata.ts
  - src/sdk/models/shared/customtablemetadatalist.ts
  - src/sdk/models/shared/customtablemetadata.ts
  - src/sdk/models/shared/customtablecolumn.ts
  - src/sdk/models/shared/flatlistitemid.ts
  - src/sdk/models/shared/newlistitem.ts
  - src/sdk/models/shared/fieldid.ts
  - src/sdk/models/shared/createfieldrequest.ts
  - src/sdk/models/shared/updatelistitemrequest.ts
  - src/sdk/models/shared/updatefieldrequest.ts
  - src/sdk/models/shared/reports.ts
  - src/sdk/models/shared/report.ts
  - src/sdk/models/shared/employeedocumentresponse.ts
  - src/sdk/models/shared/employeedocumentwithdownloadlink.ts
  - src/sdk/models/shared/adddocument.ts
  - src/sdk/models/shared/tasks.ts
  - src/sdk/models/shared/task.ts
  - src/sdk/models/shared/positionentries.ts
  - src/sdk/models/shared/getpositionsrequest.ts
  - src/sdk/models/shared/filterinstruction.ts
  - src/sdk/models/shared/onboardingwizards.ts
  - src/sdk/models/shared/onboardingwizard.ts
  - src/sdk/models/shared/customtableentrieslist.ts
  - src/sdk/models/shared/customtableentry.ts
  - src/sdk/models/shared/balanceresult.ts
  - src/sdk/models/shared/timeoffrequest.ts
  - src/sdk/models/shared/outtodays.ts
  - src/sdk/models/shared/outtoday.ts
  - src/sdk/models/shared/policy.ts
  - src/sdk/models/shared/yearsofserviceincrements.ts
  - src/sdk/models/shared/policynames.ts
  - src/sdk/models/shared/policytypes.ts
  - src/sdk/models/shared/policytype.ts
  - src/sdk/models/shared/reasoncodes.ts
  - src/sdk/models/shared/reasoncode.ts
  - src/sdk/models/shared/timeoffchanges.ts
  - src/sdk/models/shared/timeoffchange.ts
  - src/sdk/models/shared/requests.ts
  - src/sdk/models/shared/request.ts
  - src/sdk/models/shared/adjustmentrequest.ts
  - src/sdk/models/shared/submittimeoffrequestdiffhours.ts
  - src/sdk/models/shared/schemebasic.ts
  - src/sdk/models/shared/submittimeoffrequest.ts
  - src/sdk/models/shared/reasoncodesnames.ts
  - src/sdk/models/shared/security.ts
  - src/sdk/models/errors/index.ts
  - src/sdk/models/operations/index.ts
  - src/sdk/models/shared/index.ts
  - docs/sdk/models/operations/importmethod.md
  - docs/sdk/models/operations/postattendanceimportimportmethodrequest.md
  - docs/sdk/models/operations/postattendanceimportimportmethodresponse.md
  - docs/sdk/models/operations/deletepeopleidemploymententryidrequest.md
  - docs/sdk/models/operations/deletepeopleidemploymententryidresponse.md
  - docs/sdk/models/operations/deletepeopleidequitiesentryidrequest.md
  - docs/sdk/models/operations/deletepeopleidequitiesentryidresponse.md
  - docs/sdk/models/operations/deletepeopleidsalariesentryidrequest.md
  - docs/sdk/models/operations/deletepeopleidsalariesentryidresponse.md
  - docs/sdk/models/operations/deletepeopleidtrainingentryidrequest.md
  - docs/sdk/models/operations/deletepeopleidtrainingentryidresponse.md
  - docs/sdk/models/operations/deletepeopleidvariableentryidrequest.md
  - docs/sdk/models/operations/deletepeopleidvariableentryidresponse.md
  - docs/sdk/models/operations/deletepeopleidworkentryidrequest.md
  - docs/sdk/models/operations/deletepeopleidworkentryidresponse.md
  - docs/sdk/models/operations/getavatarsrequest.md
  - docs/sdk/models/operations/getavatarsresponse.md
  - docs/sdk/models/operations/getavatarsemployeeidrequest.md
  - docs/sdk/models/operations/getavatarsemployeeidresponse.md
  - docs/sdk/models/operations/getmyavatarsecurity.md
  - docs/sdk/models/operations/getmyavatarresponse.md
  - docs/sdk/models/operations/getpeoplerequest.md
  - docs/sdk/models/operations/getpeopleresponse.md
  - docs/sdk/models/operations/getpeopleidentifierrequest.md
  - docs/sdk/models/operations/getpeopleidentifierresponse.md
  - docs/sdk/models/operations/getpeopleidemploymentrequest.md
  - docs/sdk/models/operations/getpeopleidemploymentresponse.md
  - docs/sdk/models/operations/getpeopleidequitiesrequest.md
  - docs/sdk/models/operations/getpeopleidequitiesresponse.md
  - docs/sdk/models/operations/getpeopleidlifecyclerequest.md
  - docs/sdk/models/operations/getpeopleidlifecycleresponse.md
  - docs/sdk/models/operations/getpeopleidsalariesrequest.md
  - docs/sdk/models/operations/getpeopleidsalariesresponse.md
  - docs/sdk/models/operations/getpeopleidtrainingrequest.md
  - docs/sdk/models/operations/getpeopleidtrainingresponse.md
  - docs/sdk/models/operations/getpeopleidvariablerequest.md
  - docs/sdk/models/operations/getpeopleidvariableresponse.md
  - docs/sdk/models/operations/getpeopleidworkrequest.md
  - docs/sdk/models/operations/getpeopleidworkresponse.md
  - docs/sdk/models/operations/getprofilesrequest.md
  - docs/sdk/models/operations/getprofilesresponse.md
  - docs/sdk/models/operations/postemployeesemployeeidinvitationsrequest.md
  - docs/sdk/models/operations/postemployeesemployeeidinvitationsresponse.md
  - docs/sdk/models/operations/postemployeesemployeeidstartdaterequest.md
  - docs/sdk/models/operations/postemployeesemployeeidstartdateresponse.md
  - docs/sdk/models/operations/postemployeesidentifierterminaterequest.md
  - docs/sdk/models/operations/postemployeesidentifierterminateresponse.md
  - docs/sdk/models/operations/postemployeesidentifieruninviterequest.md
  - docs/sdk/models/operations/postemployeesidentifieruninviteresponse.md
  - docs/sdk/models/operations/postpeopleresponse.md
  - docs/sdk/models/operations/postpeoplesearchresponse.md
  - docs/sdk/models/operations/postpeopleidentifierrequest.md
  - docs/sdk/models/operations/postpeopleidentifierresponse.md
  - docs/sdk/models/operations/postpeopleidemploymentrequest.md
  - docs/sdk/models/operations/postpeopleidemploymentresponse.md
  - docs/sdk/models/operations/postpeopleidequitiesrequest.md
  - docs/sdk/models/operations/postpeopleidequitiesresponse.md
  - docs/sdk/models/operations/postpeopleidsalariesrequest.md
  - docs/sdk/models/operations/postpeopleidsalariesresponse.md
  - docs/sdk/models/operations/postpeopleidtrainingrequest.md
  - docs/sdk/models/operations/postpeopleidtrainingresponse.md
  - docs/sdk/models/operations/postpeopleidvariablerequest.md
  - docs/sdk/models/operations/postpeopleidvariableresponse.md
  - docs/sdk/models/operations/postpeopleidworkrequest.md
  - docs/sdk/models/operations/postpeopleidworkresponse.md
  - docs/sdk/models/operations/putavatarsemployeeidrequest.md
  - docs/sdk/models/operations/putavatarsemployeeidresponse.md
  - docs/sdk/models/operations/putpeopleidentifierrequestbody.md
  - docs/sdk/models/operations/putpeopleidentifierrequest.md
  - docs/sdk/models/operations/putpeopleidentifierresponse.md
  - docs/sdk/models/operations/putpeopleidemailrequest.md
  - docs/sdk/models/operations/putpeopleidemailresponse.md
  - docs/sdk/models/operations/putpeopleidemploymententryidrequest.md
  - docs/sdk/models/operations/putpeopleidemploymententryidresponse.md
  - docs/sdk/models/operations/putpeopleidequitiesentryidrequest.md
  - docs/sdk/models/operations/putpeopleidequitiesentryidresponse.md
  - docs/sdk/models/operations/putpeopleidworkentryidrequest.md
  - docs/sdk/models/operations/putpeopleidworkentryidresponse.md
  - docs/sdk/models/operations/deletecompanynamedlistslistnameitemidrequest.md
  - docs/sdk/models/operations/deletecompanynamedlistslistnameitemidresponse.md
  - docs/sdk/models/operations/deletecompanypeoplefieldsfieldidrequest.md
  - docs/sdk/models/operations/deletecompanypeoplefieldsfieldidresponse.md
  - docs/sdk/models/operations/getcompanynamedlistsrequest.md
  - docs/sdk/models/operations/getcompanynamedlistsresponse.md
  - docs/sdk/models/operations/getcompanynamedlistslistnamerequest.md
  - docs/sdk/models/operations/getcompanynamedlistslistnameresponse.md
  - docs/sdk/models/operations/getcompanypeoplefieldsresponse.md
  - docs/sdk/models/operations/getmetadataobjectspositionresponse.md
  - docs/sdk/models/operations/getpeoplecustomtablesmetadataresponse.md
  - docs/sdk/models/operations/getpeoplecustomtablesmetadatacustomtableidrequest.md
  - docs/sdk/models/operations/getpeoplecustomtablesmetadatacustomtableidresponse.md
  - docs/sdk/models/operations/postcompanynamedlistslistnamerequest.md
  - docs/sdk/models/operations/postcompanynamedlistslistnameresponse.md
  - docs/sdk/models/operations/postcompanypeoplefieldsresponse.md
  - docs/sdk/models/operations/putcompanynamedlistslistnameitemidrequest.md
  - docs/sdk/models/operations/putcompanynamedlistslistnameitemidresponse.md
  - docs/sdk/models/operations/putcompanypeoplefieldsfieldidrequest.md
  - docs/sdk/models/operations/putcompanypeoplefieldsfieldidresponse.md
  - docs/sdk/models/operations/getcompanyreportsresponse.md
  - docs/sdk/models/operations/getcompanyreportsdownloadreportnamerequest.md
  - docs/sdk/models/operations/getcompanyreportsdownloadreportnameresponse.md
  - docs/sdk/models/operations/queryparamformat.md
  - docs/sdk/models/operations/getcompanyreportsreportiddownloadrequest.md
  - docs/sdk/models/operations/getcompanyreportsreportiddownloadresponse.md
  - docs/sdk/models/operations/format.md
  - docs/sdk/models/operations/getcompanyreportsreportiddownloadasyncrequest.md
  - docs/sdk/models/operations/getcompanyreportsreportiddownloadasyncresponse.md
  - docs/sdk/models/operations/deletedocspeopleidconfidentialdocidrequest.md
  - docs/sdk/models/operations/deletedocspeopleidconfidentialdocidresponse.md
  - docs/sdk/models/operations/deletedocspeopleidshareddocidrequest.md
  - docs/sdk/models/operations/deletedocspeopleidshareddocidresponse.md
  - docs/sdk/models/operations/getdocspeopleidrequest.md
  - docs/sdk/models/operations/getdocspeopleidresponse.md
  - docs/sdk/models/operations/postdocspeopleidconfidentialrequest.md
  - docs/sdk/models/operations/postdocspeopleidconfidentialresponse.md
  - docs/sdk/models/operations/filet.md
  - docs/sdk/models/operations/postdocspeopleidconfidentialuploadrequestbody.md
  - docs/sdk/models/operations/postdocspeopleidconfidentialuploadrequest.md
  - docs/sdk/models/operations/postdocspeopleidconfidentialuploadresponse.md
  - docs/sdk/models/operations/postdocspeopleidsharedrequest.md
  - docs/sdk/models/operations/postdocspeopleidsharedresponse.md
  - docs/sdk/models/operations/postdocspeopleidshareduploadfile.md
  - docs/sdk/models/operations/postdocspeopleidshareduploadrequestbody.md
  - docs/sdk/models/operations/postdocspeopleidshareduploadrequest.md
  - docs/sdk/models/operations/postdocspeopleidshareduploadresponse.md
  - docs/sdk/models/operations/getmytaskssecurity.md
  - docs/sdk/models/operations/getmytasksresponse.md
  - docs/sdk/models/operations/gettasksresponse.md
  - docs/sdk/models/operations/taskstatus.md
  - docs/sdk/models/operations/gettaskspeopleidrequest.md
  - docs/sdk/models/operations/gettaskspeopleidresponse.md
  - docs/sdk/models/operations/posttaskstaskidcompleterequest.md
  - docs/sdk/models/operations/posttaskstaskidcompleteresponse.md
  - docs/sdk/models/operations/postobjectspositionsearchresponse.md
  - docs/sdk/models/operations/getonboardingwizardsresponse.md
  - docs/sdk/models/operations/getpayrollhistoryrequest.md
  - docs/sdk/models/operations/getpayrollhistoryresponse.md
  - docs/sdk/models/operations/deletepeoplecustomtablesemployeeidcustomtableidentryidrequest.md
  - docs/sdk/models/operations/deletepeoplecustomtablesemployeeidcustomtableidentryidresponse.md
  - docs/sdk/models/operations/getpeoplecustomtablesemployeeidcustomtableidrequest.md
  - docs/sdk/models/operations/getpeoplecustomtablesemployeeidcustomtableidresponse.md
  - docs/sdk/models/operations/postpeoplecustomtablesemployeeidcustomtableidrequestbody.md
  - docs/sdk/models/operations/postpeoplecustomtablesemployeeidcustomtableidrequest.md
  - docs/sdk/models/operations/postpeoplecustomtablesemployeeidcustomtableidresponse.md
  - docs/sdk/models/operations/putpeoplecustomtablesemployeeidcustomtableidentryidrequestbody.md
  - docs/sdk/models/operations/putpeoplecustomtablesemployeeidcustomtableidentryidrequest.md
  - docs/sdk/models/operations/putpeoplecustomtablesemployeeidcustomtableidentryidresponse.md
  - docs/sdk/models/operations/deletetimeoffemployeesidrequestsrequestidrequest.md
  - docs/sdk/models/operations/deletetimeoffemployeesidrequestsrequestidresponse.md
  - docs/types/rfcdate.md
  - docs/sdk/models/operations/gettimeoffemployeesidbalancerequest.md
  - docs/sdk/models/operations/gettimeoffemployeesidbalanceresponse.md
  - docs/sdk/models/operations/gettimeoffemployeesidrequestsrequestidrequest.md
  - docs/sdk/models/operations/gettimeoffemployeesidrequestsrequestidresponse.md
  - docs/sdk/models/operations/gettimeoffouttodayrequest.md
  - docs/sdk/models/operations/gettimeoffouttodayresponse.md
  - docs/sdk/models/operations/gettimeoffpoliciesrequest.md
  - docs/sdk/models/operations/gettimeoffpoliciesresponse.md
  - docs/sdk/models/operations/gettimeoffpoliciesnamesrequest.md
  - docs/sdk/models/operations/gettimeoffpoliciesnamesresponse.md
  - docs/sdk/models/operations/gettimeoffpolicytypesresponse.md
  - docs/sdk/models/operations/gettimeoffpolicytypespolicytyperequest.md
  - docs/sdk/models/operations/gettimeoffpolicytypespolicytyperesponse.md
  - docs/sdk/models/operations/gettimeoffpolicytypespolicytypereasoncodesrequest.md
  - docs/sdk/models/operations/gettimeoffpolicytypespolicytypereasoncodesresponse.md
  - docs/sdk/models/operations/gettimeoffrequestschangesrequest.md
  - docs/sdk/models/operations/gettimeoffrequestschangesresponse.md
  - docs/sdk/models/operations/gettimeoffwhosoutrequest.md
  - docs/sdk/models/operations/gettimeoffwhosoutresponse.md
  - docs/sdk/models/operations/posttimeoffemployeesidadjustmentsrequest.md
  - docs/sdk/models/operations/posttimeoffemployeesidadjustmentsresponse.md
  - docs/sdk/models/operations/posttimeoffemployeesiddiffhoursrequestssecurity.md
  - docs/sdk/models/operations/posttimeoffemployeesiddiffhoursrequestsrequest.md
  - docs/sdk/models/operations/posttimeoffemployeesiddiffhoursrequestsresponse.md
  - docs/sdk/models/operations/posttimeoffemployeesidrequestsrequest.md
  - docs/sdk/models/operations/posttimeoffemployeesidrequestsresponse.md
  - docs/sdk/models/operations/posttimeoffpolicytypespolicytypereasoncodesrequest.md
  - docs/sdk/models/operations/posttimeoffpolicytypespolicytypereasoncodesresponse.md
  - docs/sdk/models/shared/status.md
  - docs/sdk/models/shared/importattendanceresponse.md
  - docs/sdk/models/shared/importattendancedata.md
  - docs/sdk/models/shared/importattendanceevent.md
  - docs/sdk/models/shared/errort.md
  - docs/sdk/models/shared/employees.md
  - docs/sdk/models/shared/employee.md
  - docs/sdk/models/shared/workpart.md
  - docs/sdk/models/shared/employeereference.md
  - docs/sdk/models/shared/personalpart.md
  - docs/sdk/models/shared/aboutpart.md
  - docs/sdk/models/shared/employmententries.md
  - docs/sdk/models/shared/employmententry.md
  - docs/sdk/models/shared/equityentries.md
  - docs/sdk/models/shared/equityentry.md
  - docs/sdk/models/shared/currencyvalue.md
  - docs/sdk/models/shared/lifecycleentries.md
  - docs/sdk/models/shared/lifecycleentry.md
  - docs/sdk/models/shared/salaryentries.md
  - docs/sdk/models/shared/salaryentry.md
  - docs/sdk/models/shared/trainingentries.md
  - docs/sdk/models/shared/trainingentry.md
  - docs/sdk/models/shared/variableentries.md
  - docs/sdk/models/shared/variableentry.md
  - docs/sdk/models/shared/workentries.md
  - docs/sdk/models/shared/customcolumns.md
  - docs/sdk/models/shared/reportsto.md
  - docs/sdk/models/shared/workentry.md
  - docs/sdk/models/shared/employeesprofiles.md
  - docs/sdk/models/shared/employeeprofile.md
  - docs/sdk/models/shared/invitationbywizard.md
  - docs/sdk/models/shared/startdateupdate.md
  - docs/sdk/models/shared/employeeterminationunit.md
  - docs/sdk/models/shared/noticeperiod.md
  - docs/sdk/models/shared/employeetermination.md
  - docs/sdk/models/shared/work.md
  - docs/sdk/models/shared/createemployeerequest.md
  - docs/sdk/models/shared/reademployeesrequestreference.md
  - docs/sdk/models/shared/employeefilter.md
  - docs/sdk/models/shared/readsingleemployeerequestreference.md
  - docs/sdk/models/shared/uploadavatar.md
  - docs/sdk/models/shared/changeemail.md
  - docs/sdk/models/shared/list.md
  - docs/sdk/models/shared/listitem.md
  - docs/sdk/models/shared/fieldtypedata.md
  - docs/sdk/models/shared/field.md
  - docs/sdk/models/shared/objectsmetadatatypedata.md
  - docs/sdk/models/shared/fieldtype.md
  - docs/sdk/models/shared/jsonpath.md
  - docs/sdk/models/shared/objectsmetadata.md
  - docs/sdk/models/shared/customtablemetadatalist.md
  - docs/sdk/models/shared/customtablemetadata.md
  - docs/sdk/models/shared/typedata.md
  - docs/sdk/models/shared/customtablecolumn.md
  - docs/sdk/models/shared/flatlistitemid.md
  - docs/sdk/models/shared/newlistitem.md
  - docs/sdk/models/shared/fieldid.md
  - docs/sdk/models/shared/createfieldrequest.md
  - docs/sdk/models/shared/updatelistitemrequest.md
  - docs/sdk/models/shared/updatefieldrequest.md
  - docs/sdk/models/shared/reports.md
  - docs/sdk/models/shared/report.md
  - docs/sdk/models/shared/employeedocumentresponse.md
  - docs/sdk/models/shared/employeedocumentwithdownloadlink.md
  - docs/sdk/models/shared/adddocument.md
  - docs/sdk/models/shared/tasks.md
  - docs/sdk/models/shared/task.md
  - docs/sdk/models/shared/positionentries.md
  - docs/sdk/models/shared/getpositionsrequest.md
  - docs/sdk/models/shared/filterinstruction.md
  - docs/sdk/models/shared/onboardingwizards.md
  - docs/sdk/models/shared/onboardingwizard.md
  - docs/sdk/models/shared/customtableentrieslist.md
  - docs/sdk/models/shared/customtableentry.md
  - docs/sdk/models/shared/balanceresult.md
  - docs/sdk/models/shared/attachmentlinks.md
  - docs/sdk/models/shared/timeoffrequestdurationunit.md
  - docs/sdk/models/shared/timeoffrequesttype.md
  - docs/sdk/models/shared/timeoffrequest.md
  - docs/sdk/models/shared/outtodays.md
  - docs/sdk/models/shared/requestrangetype.md
  - docs/sdk/models/shared/outtoday.md
  - docs/sdk/models/shared/mintimeoffrequestduration.md
  - docs/sdk/models/shared/unit.md
  - docs/sdk/models/shared/policy.md
  - docs/sdk/models/shared/yearsofserviceincrements.md
  - docs/sdk/models/shared/policynames.md
  - docs/sdk/models/shared/policytypes.md
  - docs/sdk/models/shared/activity.md
  - docs/sdk/models/shared/policytypeunit.md
  - docs/sdk/models/shared/policytype.md
  - docs/sdk/models/shared/reasoncodes.md
  - docs/sdk/models/shared/reasoncode.md
  - docs/sdk/models/shared/timeoffchanges.md
  - docs/sdk/models/shared/changetype.md
  - docs/sdk/models/shared/durationunit.md
  - docs/sdk/models/shared/timeoffchangetype.md
  - docs/sdk/models/shared/timeoffchange.md
  - docs/sdk/models/shared/requests.md
  - docs/sdk/models/shared/type.md
  - docs/sdk/models/shared/request.md
  - docs/sdk/models/shared/adjustmenttype.md
  - docs/sdk/models/shared/adjustmentrequest.md
  - docs/sdk/models/shared/durations.md
  - docs/sdk/models/shared/submittimeoffrequestdiffhours.md
  - docs/sdk/models/shared/schemebasic.md
  - docs/sdk/models/shared/dayportion.md
  - docs/sdk/models/shared/enddateportion.md
  - docs/sdk/models/shared/submittimeoffrequestrequestrangetype.md
  - docs/sdk/models/shared/startdateportion.md
  - docs/sdk/models/shared/submittimeoffrequest.md
  - docs/sdk/models/shared/reasoncodesnames.md
  - docs/sdk/models/shared/security.md
  - docs/sdks/hibob/README.md
  - docs/sdks/attendance/README.md
  - docs/sdks/people/README.md
  - docs/sdks/metadata/README.md
  - docs/sdks/reports/README.md
  - docs/sdks/documents/README.md
  - docs/sdks/tasks/README.md
  - docs/sdks/objects/README.md
  - docs/sdks/onboarding/README.md
  - docs/sdks/payroll/README.md
  - docs/sdks/customtables/README.md
  - docs/sdks/tables/README.md
  - docs/sdks/timeoff/README.md
  - USAGE.md
  - .gitattributes
  - src/hooks/hooks.ts
  - src/hooks/types.ts
  - src/hooks/index.ts
